
Microsoft Visual Studio Solution File, Format Version 12.00
# Visual Studio Version 17
VisualStudioVersion = 17.7.34202.233
MinimumVisualStudioVersion = 10.0.40219.1
Project("{FAE04EC0-301F-11D3-BF4B-00C04F79EFBC}") = "RaygunTest", "RaygunTest\RaygunTest.csproj", "{6F7ADDC7-A0AB-4BBC-A479-1D3E86B8035E}"
EndProject
Global
	GlobalSection(SolutionConfigurationPlatforms) = preSolution
		Debug|Any CPU = Debug|Any CPU
		Release|Any CPU = Release|Any CPU
	EndGlobalSection
	GlobalSection(ProjectConfigurationPlatforms) = postSolution
		{6F7ADDC7-A0AB-4BBC-A479-1D3E86B8035E}.Debug|Any CPU.ActiveCfg = Debug|Any CPU
		{6F7ADDC7-A0AB-4BBC-A479-1D3E86B8035E}.Debug|Any CPU.Build.0 = Debug|Any CPU
		{6F7ADDC7-A0AB-4BBC-A479-1D3E86B8035E}.Release|Any CPU.ActiveCfg = Release|Any CPU
		{6F7ADDC7-A0AB-4BBC-A479-1D3E86B8035E}.Release|Any CPU.Build.0 = Release|Any CPU
	EndGlobalSection
	GlobalSection(SolutionProperties) = preSolution
		HideSolutionNode = FALSE
	EndGlobalSection
	GlobalSection(ExtensibilityGlobals) = postSolution
		SolutionGuid = {0FD73ADC-47BF-4A9F-93A2-2805A4652042}
	EndGlobalSection
EndGlobal
